
Microsoft Visual Studio Solution File, Format Version 12.00
# Visual Studio 15
VisualStudioVersion = 15.0.27428.2015
MinimumVisualStudioVersion = 10.0.40219.1
Project("{FAE04EC0-301F-11D3-BF4B-00C04F79EFBC}") = "LearningAspMvc", "LearningAspMvc\LearningAspMvc.csproj", "{1A6C01BE-A58E-4803-9330-FA1B888C7D0E}"
EndProject
Global
	GlobalSection(SolutionConfigurationPlatforms) = preSolution
		Debug|Any CPU = Debug|Any CPU
		Release|Any CPU = Release|Any CPU
	EndGlobalSection
	GlobalSection(ProjectConfigurationPlatforms) = postSolution
		{1A6C01BE-A58E-4803-9330-FA1B888C7D0E}.Debug|Any CPU.ActiveCfg = Debug|Any CPU
		{1A6C01BE-A58E-4803-9330-FA1B888C7D0E}.Debug|Any CPU.Build.0 = Debug|Any CPU
		{1A6C01BE-A58E-4803-9330-FA1B888C7D0E}.Release|Any CPU.ActiveCfg = Release|Any CPU
		{1A6C01BE-A58E-4803-9330-FA1B888C7D0E}.Release|Any CPU.Build.0 = Release|Any CPU
	EndGlobalSection
	GlobalSection(SolutionProperties) = preSolution
		HideSolutionNode = FALSE
	EndGlobalSection
	GlobalSection(ExtensibilityGlobals) = postSolution
		SolutionGuid = {76B90388-F3E3-4AA8-B900-3F587B413B2E}
	EndGlobalSection
EndGlobal
